{
  "name": "rofi-emoji",
  "version": "2.0.1",
  "lockfileVersion": 1,
  "requires": true,
  "dependencies": {
    "emoji.json": {
      "version": "11.0.1",
      "resolved": "http://localhost:4873/emoji.json/-/emoji.json-11.0.1.tgz",
      "integrity": "sha512-24DYRPSIFXZYWwPmFKLDzuObUUYFC/spSlSbpo7QnyxBbTi7+s/YSG5Tc5AsBnSkgr8K4byKGWNmxSKgjh9Wag=="
    }
  }
}
